
Microsoft Visual Studio Solution File, Format Version 12.00
# Visual Studio Version 17
VisualStudioVersion = 17.4.33122.133
MinimumVisualStudioVersion = 10.0.40219.1
Project("{FAE04EC0-301F-11D3-BF4B-00C04F79EFBC}") = "SnakeLadder", "SnakeLadder\SnakeLadder.csproj", "{22A164B4-7553-416C-8880-B15C18B18BE4}"
EndProject
Global
	GlobalSection(SolutionConfigurationPlatforms) = preSolution
		Debug|Any CPU = Debug|Any CPU
		Release|Any CPU = Release|Any CPU
	EndGlobalSection
	GlobalSection(ProjectConfigurationPlatforms) = postSolution
		{22A164B4-7553-416C-8880-B15C18B18BE4}.Debug|Any CPU.ActiveCfg = Debug|Any CPU
		{22A164B4-7553-416C-8880-B15C18B18BE4}.Debug|Any CPU.Build.0 = Debug|Any CPU
		{22A164B4-7553-416C-8880-B15C18B18BE4}.Release|Any CPU.ActiveCfg = Release|Any CPU
		{22A164B4-7553-416C-8880-B15C18B18BE4}.Release|Any CPU.Build.0 = Release|Any CPU
	EndGlobalSection
	GlobalSection(SolutionProperties) = preSolution
		HideSolutionNode = FALSE
	EndGlobalSection
	GlobalSection(ExtensibilityGlobals) = postSolution
		SolutionGuid = {B3C7D06F-4FA3-425E-BC54-74276610F8A5}
	EndGlobalSection
EndGlobal
